{
  "pins" : [
    {
      "identity" : "irregulargradient",
      "kind" : "remoteSourceControl",
      "location" : "https://github.com/joogps/IrregularGradient",
      "state" : {
        "revision" : "104d51be2eeb2b3c3db67c0aced7bda0f2239075",
        "version" : "2.0.1"
      }
    }
  ],
  "version" : 2
}
